
Microsoft Visual Studio Solution File, Format Version 12.00
# Visual Studio Version 17
VisualStudioVersion = 17.1.32210.238
MinimumVisualStudioVersion = 10.0.40219.1
Project("{FAE04EC0-301F-11D3-BF4B-00C04F79EFBC}") = "SMLHelper", "SMLHelper\SMLHelper.csproj", "{418502DD-372D-4EF9-8021-B262552DFEDE}"
EndProject
Project("{FAE04EC0-301F-11D3-BF4B-00C04F79EFBC}") = "Example mod", "Example mod\Example mod.csproj", "{C8FB0981-77D2-47C7-BBEF-A3A9EBACACBF}"
	ProjectSection(ProjectDependencies) = postProject
		{418502DD-372D-4EF9-8021-B262552DFEDE} = {418502DD-372D-4EF9-8021-B262552DFEDE}
	EndProjectSection
EndProject
Project("{FAE04EC0-301F-11D3-BF4B-00C04F79EFBC}") = "SMLHelper.Tests", "SMLHelper.Tests\SMLHelper.Tests.csproj", "{EBC4AAF3-A13B-427E-BF99-3AE23EDEB4B8}"
	ProjectSection(ProjectDependencies) = postProject
		{418502DD-372D-4EF9-8021-B262552DFEDE} = {418502DD-372D-4EF9-8021-B262552DFEDE}
	EndProjectSection
EndProject
Project("{2150E333-8FDC-42A3-9474-1A3956D46DE8}") = "Solution Items", "Solution Items", "{5152F028-6D03-43C0-88C5-986313017D4F}"
	ProjectSection(SolutionItems) = preProject
		common.props = common.props
	EndProjectSection
EndProject
Project("{2150E333-8FDC-42A3-9474-1A3956D46DE8}") = "Build scripts", "Build scripts", "{6EF72E95-EA2D-44C1-8FB4-F0FE4865FFC4}"
	ProjectSection(SolutionItems) = preProject
		Scripts\SMLHelper-post-build.ps1 = Scripts\SMLHelper-post-build.ps1
	EndProjectSection
EndProject
Project("{2150E333-8FDC-42A3-9474-1A3956D46DE8}") = "Thunderstore Metadata", "Thunderstore Metadata", "{3630BD6E-A8B0-4FE9-9027-E09666CFF9EA}"
EndProject
Project("{2150E333-8FDC-42A3-9474-1A3956D46DE8}") = "BZ.EXP", "BZ.EXP", "{2C1B7578-00A7-48D9-AAAC-E2CCADDB2012}"
	ProjectSection(SolutionItems) = preProject
		ThunderstoreMetadata\BZ.EXP\icon.png = ThunderstoreMetadata\BZ.EXP\icon.png
		ThunderstoreMetadata\BZ.EXP\manifest.json = ThunderstoreMetadata\BZ.EXP\manifest.json
		ThunderstoreMetadata\BZ.EXP\README.md = ThunderstoreMetadata\BZ.EXP\README.md
	EndProjectSection
EndProject
Project("{2150E333-8FDC-42A3-9474-1A3956D46DE8}") = "BZ.STABLE", "BZ.STABLE", "{A44010CF-A9DB-4609-80F1-5AF079A76558}"
	ProjectSection(SolutionItems) = preProject
		ThunderstoreMetadata\BZ.STABLE\icon.png = ThunderstoreMetadata\BZ.STABLE\icon.png
		ThunderstoreMetadata\BZ.STABLE\manifest.json = ThunderstoreMetadata\BZ.STABLE\manifest.json
		ThunderstoreMetadata\BZ.STABLE\README.md = ThunderstoreMetadata\BZ.STABLE\README.md
	EndProjectSection
EndProject
Project("{2150E333-8FDC-42A3-9474-1A3956D46DE8}") = "SN.EXP", "SN.EXP", "{5AE6CA9D-FECA-48C4-9D44-21C34FDB98E6}"
	ProjectSection(SolutionItems) = preProject
		ThunderstoreMetadata\SN.EXP\icon.png = ThunderstoreMetadata\SN.EXP\icon.png
		ThunderstoreMetadata\SN.EXP\manifest.json = ThunderstoreMetadata\SN.EXP\manifest.json
		ThunderstoreMetadata\SN.EXP\README.md = ThunderstoreMetadata\SN.EXP\README.md
	EndProjectSection
EndProject
Project("{2150E333-8FDC-42A3-9474-1A3956D46DE8}") = "SN.STABLE", "SN.STABLE", "{C907482C-248E-4E81-8A46-4DC54B07337C}"
	ProjectSection(SolutionItems) = preProject
		ThunderstoreMetadata\SN.STABLE\icon.png = ThunderstoreMetadata\SN.STABLE\icon.png
		ThunderstoreMetadata\SN.STABLE\manifest.json = ThunderstoreMetadata\SN.STABLE\manifest.json
		ThunderstoreMetadata\SN.STABLE\README.md = ThunderstoreMetadata\SN.STABLE\README.md
	EndProjectSection
EndProject
Global
	GlobalSection(SolutionConfigurationPlatforms) = preSolution
		BZ.EXP|Any CPU = BZ.EXP|Any CPU
		BZ.STABLE|Any CPU = BZ.STABLE|Any CPU
		SN.EXP|Any CPU = SN.EXP|Any CPU
		SN.STABLE|Any CPU = SN.STABLE|Any CPU
	EndGlobalSection
	GlobalSection(ProjectConfigurationPlatforms) = postSolution
		{418502DD-372D-4EF9-8021-B262552DFEDE}.BZ.EXP|Any CPU.ActiveCfg = BZ.EXP|Any CPU
		{418502DD-372D-4EF9-8021-B262552DFEDE}.BZ.EXP|Any CPU.Build.0 = BZ.EXP|Any CPU
		{418502DD-372D-4EF9-8021-B262552DFEDE}.BZ.STABLE|Any CPU.ActiveCfg = BZ.STABLE|Any CPU
		{418502DD-372D-4EF9-8021-B262552DFEDE}.BZ.STABLE|Any CPU.Build.0 = BZ.STABLE|Any CPU
		{418502DD-372D-4EF9-8021-B262552DFEDE}.SN.EXP|Any CPU.ActiveCfg = SN.EXP|Any CPU
		{418502DD-372D-4EF9-8021-B262552DFEDE}.SN.EXP|Any CPU.Build.0 = SN.EXP|Any CPU
		{418502DD-372D-4EF9-8021-B262552DFEDE}.SN.STABLE|Any CPU.ActiveCfg = SN.STABLE|Any CPU
		{418502DD-372D-4EF9-8021-B262552DFEDE}.SN.STABLE|Any CPU.Build.0 = SN.STABLE|Any CPU
		{C8FB0981-77D2-47C7-BBEF-A3A9EBACACBF}.BZ.EXP|Any CPU.ActiveCfg = BZ.EXP|Any CPU
		{C8FB0981-77D2-47C7-BBEF-A3A9EBACACBF}.BZ.EXP|Any CPU.Build.0 = BZ.EXP|Any CPU
		{C8FB0981-77D2-47C7-BBEF-A3A9EBACACBF}.BZ.STABLE|Any CPU.ActiveCfg = BZ.STABLE|Any CPU
		{C8FB0981-77D2-47C7-BBEF-A3A9EBACACBF}.BZ.STABLE|Any CPU.Build.0 = BZ.STABLE|Any CPU
		{C8FB0981-77D2-47C7-BBEF-A3A9EBACACBF}.SN.EXP|Any CPU.ActiveCfg = SN.EXP|Any CPU
		{C8FB0981-77D2-47C7-BBEF-A3A9EBACACBF}.SN.EXP|Any CPU.Build.0 = SN.EXP|Any CPU
		{C8FB0981-77D2-47C7-BBEF-A3A9EBACACBF}.SN.STABLE|Any CPU.ActiveCfg = SN.STABLE|Any CPU
		{C8FB0981-77D2-47C7-BBEF-A3A9EBACACBF}.SN.STABLE|Any CPU.Build.0 = SN.STABLE|Any CPU
		{EBC4AAF3-A13B-427E-BF99-3AE23EDEB4B8}.BZ.EXP|Any CPU.ActiveCfg = BZ.STABLE|Any CPU
		{EBC4AAF3-A13B-427E-BF99-3AE23EDEB4B8}.BZ.STABLE|Any CPU.ActiveCfg = BZ.STABLE|Any CPU
		{EBC4AAF3-A13B-427E-BF99-3AE23EDEB4B8}.BZ.STABLE|Any CPU.Build.0 = BZ.STABLE|Any CPU
		{EBC4AAF3-A13B-427E-BF99-3AE23EDEB4B8}.SN.EXP|Any CPU.ActiveCfg = SN.STABLE|Any CPU
		{EBC4AAF3-A13B-427E-BF99-3AE23EDEB4B8}.SN.STABLE|Any CPU.ActiveCfg = SN.STABLE|Any CPU
		{EBC4AAF3-A13B-427E-BF99-3AE23EDEB4B8}.SN.STABLE|Any CPU.Build.0 = SN.STABLE|Any CPU
	EndGlobalSection
	GlobalSection(SolutionProperties) = preSolution
		HideSolutionNode = FALSE
	EndGlobalSection
	GlobalSection(NestedProjects) = preSolution
		{6EF72E95-EA2D-44C1-8FB4-F0FE4865FFC4} = {5152F028-6D03-43C0-88C5-986313017D4F}
		{3630BD6E-A8B0-4FE9-9027-E09666CFF9EA} = {5152F028-6D03-43C0-88C5-986313017D4F}
		{2C1B7578-00A7-48D9-AAAC-E2CCADDB2012} = {3630BD6E-A8B0-4FE9-9027-E09666CFF9EA}
		{A44010CF-A9DB-4609-80F1-5AF079A76558} = {3630BD6E-A8B0-4FE9-9027-E09666CFF9EA}
		{5AE6CA9D-FECA-48C4-9D44-21C34FDB98E6} = {3630BD6E-A8B0-4FE9-9027-E09666CFF9EA}
		{C907482C-248E-4E81-8A46-4DC54B07337C} = {3630BD6E-A8B0-4FE9-9027-E09666CFF9EA}
	EndGlobalSection
	GlobalSection(ExtensibilityGlobals) = postSolution
		SolutionGuid = {DA2C5D3D-5F61-4EA3-9399-FDEF43184299}
	EndGlobalSection
EndGlobal
