
Microsoft Visual Studio Solution File, Format Version 12.00
# Visual Studio Version 17
VisualStudioVersion = 17.1.32210.238
MinimumVisualStudioVersion = 10.0.40219.1
Project("{FAE04EC0-301F-11D3-BF4B-00C04F79EFBC}") = "SMLHelper", "SMLHelper\SMLHelper.csproj", "{418502DD-372D-4EF9-8021-B262552DFEDE}"
EndProject
Project("{2150E333-8FDC-42A3-9474-1A3956D46DE8}") = "Solution Items", "Solution Items", "{5152F028-6D03-43C0-88C5-986313017D4F}"
	ProjectSection(SolutionItems) = preProject
		BepinexPackages\Subnautica_Packages\SMLHelper_Exp\manifest.json = BepinexPackages\Subnautica_Packages\SMLHelper_Exp\manifest.json
		BepinexPackages\Subnautica_Packages\SMLHelper\manifest.json = BepinexPackages\Subnautica_Packages\SMLHelper\manifest.json
		BepinexPackages\BelowZero_Packages\SMLHelper_Exp\manifest.json = BepinexPackages\BelowZero_Packages\SMLHelper_Exp\manifest.json
		BepinexPackages\BelowZero_Packages\SMLHelper\manifest.json = BepinexPackages\BelowZero_Packages\SMLHelper\manifest.json
	EndProjectSection
EndProject
Global
	GlobalSection(SolutionConfigurationPlatforms) = preSolution
		BZ.EXP|Any CPU = BZ.EXP|Any CPU
		BZ.STABLE|Any CPU = BZ.STABLE|Any CPU
		SN.EXP|Any CPU = SN.EXP|Any CPU
		SN.STABLE|Any CPU = SN.STABLE|Any CPU
	EndGlobalSection
	GlobalSection(ProjectConfigurationPlatforms) = postSolution
		{418502DD-372D-4EF9-8021-B262552DFEDE}.BZ.EXP|Any CPU.ActiveCfg = BZ.EXP|Any CPU
		{418502DD-372D-4EF9-8021-B262552DFEDE}.BZ.EXP|Any CPU.Build.0 = BZ.EXP|Any CPU
		{418502DD-372D-4EF9-8021-B262552DFEDE}.BZ.STABLE|Any CPU.ActiveCfg = BZ.STABLE|Any CPU
		{418502DD-372D-4EF9-8021-B262552DFEDE}.BZ.STABLE|Any CPU.Build.0 = BZ.STABLE|Any CPU
		{418502DD-372D-4EF9-8021-B262552DFEDE}.SN.EXP|Any CPU.ActiveCfg = SN.EXP|Any CPU
		{418502DD-372D-4EF9-8021-B262552DFEDE}.SN.EXP|Any CPU.Build.0 = SN.EXP|Any CPU
		{418502DD-372D-4EF9-8021-B262552DFEDE}.SN.STABLE|Any CPU.ActiveCfg = SN.STABLE|Any CPU
		{418502DD-372D-4EF9-8021-B262552DFEDE}.SN.STABLE|Any CPU.Build.0 = SN.STABLE|Any CPU
	EndGlobalSection
	GlobalSection(SolutionProperties) = preSolution
		HideSolutionNode = FALSE
	EndGlobalSection
	GlobalSection(ExtensibilityGlobals) = postSolution
		SolutionGuid = {DA2C5D3D-5F61-4EA3-9399-FDEF43184299}
	EndGlobalSection
EndGlobal
